
Microsoft Visual Studio Solution File, Format Version 12.00
# Visual Studio 15
Project("{FAE04EC0-301F-11D3-BF4B-00C04F79EFBC}") = "Assembly-CSharp", "Assembly-CSharp.csproj", "{46B58ECC-3001-5E7C-B825-1620BB763714}"
EndProject
Project("{FAE04EC0-301F-11D3-BF4B-00C04F79EFBC}") = "NavMeshPlus", "NavMeshPlus.csproj", "{48D8B31F-0097-5B91-6B4A-C9CE6A9FDFCF}"
EndProject
Project("{FAE04EC0-301F-11D3-BF4B-00C04F79EFBC}") = "NavMeshPlusEditor", "NavMeshPlusEditor.csproj", "{F56BA795-0CC6-FE63-5CA6-78F1BEDA2353}"
EndProject
Project("{FAE04EC0-301F-11D3-BF4B-00C04F79EFBC}") = "Assembly-CSharp-firstpass", "Assembly-CSharp-firstpass.csproj", "{AB6831EB-AB71-69FE-A507-836E2F212A19}"
EndProject
Global
	GlobalSection(SolutionConfigurationPlatforms) = preSolution
		Debug|Any CPU = Debug|Any CPU
		Release|Any CPU = Release|Any CPU
	EndGlobalSection
	GlobalSection(ProjectConfigurationPlatforms) = postSolution
		{46B58ECC-3001-5E7C-B825-1620BB763714}.Debug|Any CPU.ActiveCfg = Debug|Any CPU
		{46B58ECC-3001-5E7C-B825-1620BB763714}.Debug|Any CPU.Build.0 = Debug|Any CPU
		{46B58ECC-3001-5E7C-B825-1620BB763714}.Release|Any CPU.ActiveCfg = Release|Any CPU
		{46B58ECC-3001-5E7C-B825-1620BB763714}.Release|Any CPU.Build.0 = Release|Any CPU
		{48D8B31F-0097-5B91-6B4A-C9CE6A9FDFCF}.Debug|Any CPU.ActiveCfg = Debug|Any CPU
		{48D8B31F-0097-5B91-6B4A-C9CE6A9FDFCF}.Debug|Any CPU.Build.0 = Debug|Any CPU
		{48D8B31F-0097-5B91-6B4A-C9CE6A9FDFCF}.Release|Any CPU.ActiveCfg = Release|Any CPU
		{48D8B31F-0097-5B91-6B4A-C9CE6A9FDFCF}.Release|Any CPU.Build.0 = Release|Any CPU
		{F56BA795-0CC6-FE63-5CA6-78F1BEDA2353}.Debug|Any CPU.ActiveCfg = Debug|Any CPU
		{F56BA795-0CC6-FE63-5CA6-78F1BEDA2353}.Debug|Any CPU.Build.0 = Debug|Any CPU
		{F56BA795-0CC6-FE63-5CA6-78F1BEDA2353}.Release|Any CPU.ActiveCfg = Release|Any CPU
		{F56BA795-0CC6-FE63-5CA6-78F1BEDA2353}.Release|Any CPU.Build.0 = Release|Any CPU
		{AB6831EB-AB71-69FE-A507-836E2F212A19}.Debug|Any CPU.ActiveCfg = Debug|Any CPU
		{AB6831EB-AB71-69FE-A507-836E2F212A19}.Debug|Any CPU.Build.0 = Debug|Any CPU
		{AB6831EB-AB71-69FE-A507-836E2F212A19}.Release|Any CPU.ActiveCfg = Release|Any CPU
		{AB6831EB-AB71-69FE-A507-836E2F212A19}.Release|Any CPU.Build.0 = Release|Any CPU
	EndGlobalSection
	GlobalSection(SolutionProperties) = preSolution
		HideSolutionNode = FALSE
	EndGlobalSection
EndGlobal
